
Microsoft Visual Studio Solution File, Format Version 12.00
# Visual Studio Version 16
VisualStudioVersion = 16.0.33027.164
MinimumVisualStudioVersion = 10.0.40219.1
Project("{FAE04EC0-301F-11D3-BF4B-00C04F79EFBC}") = "MvvmDemo", "MvvmDemo\MvvmDemo.csproj", "{4A6752D4-CE46-4E25-A5D6-56CC7647E245}"
EndProject
Global
	GlobalSection(SolutionConfigurationPlatforms) = preSolution
		Debug|Any CPU = Debug|Any CPU
		Release|Any CPU = Release|Any CPU
	EndGlobalSection
	GlobalSection(ProjectConfigurationPlatforms) = postSolution
		{4A6752D4-CE46-4E25-A5D6-56CC7647E245}.Debug|Any CPU.ActiveCfg = Debug|Any CPU
		{4A6752D4-CE46-4E25-A5D6-56CC7647E245}.Debug|Any CPU.Build.0 = Debug|Any CPU
		{4A6752D4-CE46-4E25-A5D6-56CC7647E245}.Release|Any CPU.ActiveCfg = Release|Any CPU
		{4A6752D4-CE46-4E25-A5D6-56CC7647E245}.Release|Any CPU.Build.0 = Release|Any CPU
	EndGlobalSection
	GlobalSection(SolutionProperties) = preSolution
		HideSolutionNode = FALSE
	EndGlobalSection
	GlobalSection(ExtensibilityGlobals) = postSolution
		SolutionGuid = {11BFFE7F-4EA3-4F43-B38C-A0E5D85DBC47}
	EndGlobalSection
EndGlobal
